
Microsoft Visual Studio Solution File, Format Version 12.00
# Visual Studio 15
VisualStudioVersion = 15.0.26124.0
MinimumVisualStudioVersion = 15.0.26124.0
Project("{FAE04EC0-301F-11D3-BF4B-00C04F79EFBC}") = "NestTest", "NestTest\NestTest.csproj", "{ABC15961-1E8D-44CA-85DF-4E116A3BAF25}"
EndProject
Global
	GlobalSection(SolutionConfigurationPlatforms) = preSolution
		Debug|Any CPU = Debug|Any CPU
		Debug|x64 = Debug|x64
		Debug|x86 = Debug|x86
		Release|Any CPU = Release|Any CPU
		Release|x64 = Release|x64
		Release|x86 = Release|x86
	EndGlobalSection
	GlobalSection(SolutionProperties) = preSolution
		HideSolutionNode = FALSE
	EndGlobalSection
	GlobalSection(ProjectConfigurationPlatforms) = postSolution
		{ABC15961-1E8D-44CA-85DF-4E116A3BAF25}.Debug|Any CPU.ActiveCfg = Debug|Any CPU
		{ABC15961-1E8D-44CA-85DF-4E116A3BAF25}.Debug|Any CPU.Build.0 = Debug|Any CPU
		{ABC15961-1E8D-44CA-85DF-4E116A3BAF25}.Debug|x64.ActiveCfg = Debug|Any CPU
		{ABC15961-1E8D-44CA-85DF-4E116A3BAF25}.Debug|x64.Build.0 = Debug|Any CPU
		{ABC15961-1E8D-44CA-85DF-4E116A3BAF25}.Debug|x86.ActiveCfg = Debug|Any CPU
		{ABC15961-1E8D-44CA-85DF-4E116A3BAF25}.Debug|x86.Build.0 = Debug|Any CPU
		{ABC15961-1E8D-44CA-85DF-4E116A3BAF25}.Release|Any CPU.ActiveCfg = Release|Any CPU
		{ABC15961-1E8D-44CA-85DF-4E116A3BAF25}.Release|Any CPU.Build.0 = Release|Any CPU
		{ABC15961-1E8D-44CA-85DF-4E116A3BAF25}.Release|x64.ActiveCfg = Release|Any CPU
		{ABC15961-1E8D-44CA-85DF-4E116A3BAF25}.Release|x64.Build.0 = Release|Any CPU
		{ABC15961-1E8D-44CA-85DF-4E116A3BAF25}.Release|x86.ActiveCfg = Release|Any CPU
		{ABC15961-1E8D-44CA-85DF-4E116A3BAF25}.Release|x86.Build.0 = Release|Any CPU
	EndGlobalSection
EndGlobal
